
Microsoft Visual Studio Solution File, Format Version 12.00
# Visual Studio Version 16
VisualStudioVersion = 16.0.31410.357
MinimumVisualStudioVersion = 10.0.40219.1
Project("{FAE04EC0-301F-11D3-BF4B-00C04F79EFBC}") = "Odevler_1", "Odevler_1\Odevler_1.csproj", "{85143EFF-2880-41A9-8863-152D954CB7C8}"
EndProject
Project("{FAE04EC0-301F-11D3-BF4B-00C04F79EFBC}") = "Odev1", "Odev1\Odev1.csproj", "{76F9AE2D-98DC-4661-A2B6-3CEFA465721C}"
EndProject
Project("{FAE04EC0-301F-11D3-BF4B-00C04F79EFBC}") = "Odev2", "Odev2\Odev2.csproj", "{CDDBFCAF-736F-4B81-AC1C-3F270A424953}"
EndProject
Project("{FAE04EC0-301F-11D3-BF4B-00C04F79EFBC}") = "Odev3", "Odev3\Odev3.csproj", "{A1A7C9F6-0DDE-44F5-807B-3961F08F3D18}"
EndProject
Project("{FAE04EC0-301F-11D3-BF4B-00C04F79EFBC}") = "Odev4", "odev4\Odev4.csproj", "{BD5476FC-DFF9-4CA5-9E6D-F4C35A623527}"
EndProject
Project("{FAE04EC0-301F-11D3-BF4B-00C04F79EFBC}") = "Odev5", "Odev5\Odev5.csproj", "{C6FFBE69-DFC2-494D-B4DB-423DDEB811E0}"
EndProject
Project("{FAE04EC0-301F-11D3-BF4B-00C04F79EFBC}") = "Odev6", "Odev6\Odev6.csproj", "{23753937-7A59-49ED-883C-2F2ED5D0C57D}"
EndProject
Project("{FAE04EC0-301F-11D3-BF4B-00C04F79EFBC}") = "Odev7", "Odev7\Odev7.csproj", "{30D3E099-550C-451B-9C2E-67B40B9A117D}"
EndProject
Project("{FAE04EC0-301F-11D3-BF4B-00C04F79EFBC}") = "Odev8", "Odev8\Odev8.csproj", "{56DA0F43-577F-4386-B7D9-F9D0406A2DE4}"
EndProject
Project("{FAE04EC0-301F-11D3-BF4B-00C04F79EFBC}") = "Odev9", "Odev9\Odev9.csproj", "{7D5F19D7-303B-48C4-9D6E-41F8515D2B9E}"
EndProject
Project("{FAE04EC0-301F-11D3-BF4B-00C04F79EFBC}") = "Odev10", "Odev10\Odev10.csproj", "{C96678EA-A17C-454E-A383-F230596187C5}"
EndProject
Project("{FAE04EC0-301F-11D3-BF4B-00C04F79EFBC}") = "Odev11", "Odev11\Odev11.csproj", "{8F48E70D-952A-4C0E-A4DB-8A79E36A187B}"
EndProject
Project("{FAE04EC0-301F-11D3-BF4B-00C04F79EFBC}") = "Odev12", "Odev12\Odev12.csproj", "{199E71C5-F077-44A6-A286-308A2C0DD1B0}"
EndProject
Project("{FAE04EC0-301F-11D3-BF4B-00C04F79EFBC}") = "Ornek13", "Ornek13\Ornek13.csproj", "{8942344E-1E41-462C-B187-A140A1BC4555}"
EndProject
Project("{FAE04EC0-301F-11D3-BF4B-00C04F79EFBC}") = "Ornek14", "Ornek14\Ornek14.csproj", "{85267EF0-554A-4C23-A5DE-748114E7584C}"
EndProject
Project("{FAE04EC0-301F-11D3-BF4B-00C04F79EFBC}") = "Odev15", "Odev15\Odev15.csproj", "{CC0C0B0F-AAF6-4875-94AD-CA751270C8BD}"
EndProject
Project("{FAE04EC0-301F-11D3-BF4B-00C04F79EFBC}") = "Odev16", "Odev16\Odev16.csproj", "{5A899B67-12B3-4C0B-A253-9BD6A3C46846}"
EndProject
Project("{FAE04EC0-301F-11D3-BF4B-00C04F79EFBC}") = "Odev17", "Odev17\Odev17.csproj", "{4B728A72-ED71-4F73-BBA7-8C854EF42E3E}"
EndProject
Project("{FAE04EC0-301F-11D3-BF4B-00C04F79EFBC}") = "Odev18", "Odev18\Odev18.csproj", "{E9930904-DC62-4E90-A48C-CDA631681DDA}"
EndProject
Project("{FAE04EC0-301F-11D3-BF4B-00C04F79EFBC}") = "Odev19", "Odev19\Odev19.csproj", "{9CF832D6-1BE7-424A-B624-FAD9E0793CA0}"
EndProject
Project("{FAE04EC0-301F-11D3-BF4B-00C04F79EFBC}") = "Odev20", "Odev20\Odev20.csproj", "{261A639A-2532-4067-9D8A-474D2533EF8A}"
EndProject
Project("{FAE04EC0-301F-11D3-BF4B-00C04F79EFBC}") = "Odev21", "Odev21\Odev21.csproj", "{F605BC11-AF65-43AF-86C0-5DD8D9094890}"
EndProject
Project("{FAE04EC0-301F-11D3-BF4B-00C04F79EFBC}") = "Odev22", "Odev22,\Odev22.csproj", "{DA834D8F-884D-4E1F-AC82-9E1B104C2E14}"
EndProject
Project("{FAE04EC0-301F-11D3-BF4B-00C04F79EFBC}") = "Odev23", "Odev23\Odev23.csproj", "{B6141FFF-90CA-4F34-886B-A63BF9C59467}"
EndProject
Project("{FAE04EC0-301F-11D3-BF4B-00C04F79EFBC}") = "Odev24", "Odev24\Odev24.csproj", "{C25133D6-81AF-4955-BE45-139211F5B372}"
EndProject
Project("{FAE04EC0-301F-11D3-BF4B-00C04F79EFBC}") = "Odev25", "Odev25\Odev25.csproj", "{D02BC522-13C4-48B6-AE12-0A3632B6C622}"
EndProject
Project("{FAE04EC0-301F-11D3-BF4B-00C04F79EFBC}") = "Odev26", "Odev26\Odev26.csproj", "{EFAB0691-229F-4268-B818-244BB7CEAAAE}"
EndProject
Project("{FAE04EC0-301F-11D3-BF4B-00C04F79EFBC}") = "Odev27", "Odev27\Odev27.csproj", "{A1CAA83B-5C45-42CA-B83C-5DF27A29A266}"
EndProject
Project("{FAE04EC0-301F-11D3-BF4B-00C04F79EFBC}") = "Odev28", "Odev28\Odev28.csproj", "{1679A568-4B90-4F52-BEF6-8C0BBF227AA1}"
EndProject
Project("{FAE04EC0-301F-11D3-BF4B-00C04F79EFBC}") = "Odev29", "Odev29\Odev29.csproj", "{07D24908-B58E-4CC6-8DEF-32BD2C3D5292}"
EndProject
Project("{FAE04EC0-301F-11D3-BF4B-00C04F79EFBC}") = "Odev30", "Odev30\Odev30.csproj", "{2BA21252-8C36-434E-B570-F89584D2F52B}"
EndProject
Project("{FAE04EC0-301F-11D3-BF4B-00C04F79EFBC}") = "Odev31", "Odev31\Odev31.csproj", "{D5B529EC-0837-444B-9AA9-F2FB2E792F16}"
EndProject
Project("{FAE04EC0-301F-11D3-BF4B-00C04F79EFBC}") = "Odev32", "Odev32\Odev32.csproj", "{8B9DD03E-35D7-4606-8A64-2824BF8442AA}"
EndProject
Project("{FAE04EC0-301F-11D3-BF4B-00C04F79EFBC}") = "Odev33", "Odev33\Odev33.csproj", "{0D445B48-53E9-4270-A1F4-C6146288407F}"
EndProject
Project("{FAE04EC0-301F-11D3-BF4B-00C04F79EFBC}") = "Odev34", "Odev34\Odev34.csproj", "{D22F14C1-3218-4EEF-A91D-AC4D47E646C0}"
EndProject
Project("{FAE04EC0-301F-11D3-BF4B-00C04F79EFBC}") = "Ornek35", "Ornek35\Ornek35.csproj", "{AED7DD09-63A3-4F39-BC79-EBD466AFDC99}"
EndProject
Global
	GlobalSection(SolutionConfigurationPlatforms) = preSolution
		Debug|Any CPU = Debug|Any CPU
		Release|Any CPU = Release|Any CPU
	EndGlobalSection
	GlobalSection(ProjectConfigurationPlatforms) = postSolution
		{85143EFF-2880-41A9-8863-152D954CB7C8}.Debug|Any CPU.ActiveCfg = Debug|Any CPU
		{85143EFF-2880-41A9-8863-152D954CB7C8}.Debug|Any CPU.Build.0 = Debug|Any CPU
		{85143EFF-2880-41A9-8863-152D954CB7C8}.Release|Any CPU.ActiveCfg = Release|Any CPU
		{85143EFF-2880-41A9-8863-152D954CB7C8}.Release|Any CPU.Build.0 = Release|Any CPU
		{76F9AE2D-98DC-4661-A2B6-3CEFA465721C}.Debug|Any CPU.ActiveCfg = Debug|Any CPU
		{76F9AE2D-98DC-4661-A2B6-3CEFA465721C}.Debug|Any CPU.Build.0 = Debug|Any CPU
		{76F9AE2D-98DC-4661-A2B6-3CEFA465721C}.Release|Any CPU.ActiveCfg = Release|Any CPU
		{76F9AE2D-98DC-4661-A2B6-3CEFA465721C}.Release|Any CPU.Build.0 = Release|Any CPU
		{CDDBFCAF-736F-4B81-AC1C-3F270A424953}.Debug|Any CPU.ActiveCfg = Debug|Any CPU
		{CDDBFCAF-736F-4B81-AC1C-3F270A424953}.Debug|Any CPU.Build.0 = Debug|Any CPU
		{CDDBFCAF-736F-4B81-AC1C-3F270A424953}.Release|Any CPU.ActiveCfg = Release|Any CPU
		{CDDBFCAF-736F-4B81-AC1C-3F270A424953}.Release|Any CPU.Build.0 = Release|Any CPU
		{A1A7C9F6-0DDE-44F5-807B-3961F08F3D18}.Debug|Any CPU.ActiveCfg = Debug|Any CPU
		{A1A7C9F6-0DDE-44F5-807B-3961F08F3D18}.Debug|Any CPU.Build.0 = Debug|Any CPU
		{A1A7C9F6-0DDE-44F5-807B-3961F08F3D18}.Release|Any CPU.ActiveCfg = Release|Any CPU
		{A1A7C9F6-0DDE-44F5-807B-3961F08F3D18}.Release|Any CPU.Build.0 = Release|Any CPU
		{BD5476FC-DFF9-4CA5-9E6D-F4C35A623527}.Debug|Any CPU.ActiveCfg = Debug|Any CPU
		{BD5476FC-DFF9-4CA5-9E6D-F4C35A623527}.Debug|Any CPU.Build.0 = Debug|Any CPU
		{BD5476FC-DFF9-4CA5-9E6D-F4C35A623527}.Release|Any CPU.ActiveCfg = Release|Any CPU
		{BD5476FC-DFF9-4CA5-9E6D-F4C35A623527}.Release|Any CPU.Build.0 = Release|Any CPU
		{C6FFBE69-DFC2-494D-B4DB-423DDEB811E0}.Debug|Any CPU.ActiveCfg = Debug|Any CPU
		{C6FFBE69-DFC2-494D-B4DB-423DDEB811E0}.Debug|Any CPU.Build.0 = Debug|Any CPU
		{C6FFBE69-DFC2-494D-B4DB-423DDEB811E0}.Release|Any CPU.ActiveCfg = Release|Any CPU
		{C6FFBE69-DFC2-494D-B4DB-423DDEB811E0}.Release|Any CPU.Build.0 = Release|Any CPU
		{23753937-7A59-49ED-883C-2F2ED5D0C57D}.Debug|Any CPU.ActiveCfg = Debug|Any CPU
		{23753937-7A59-49ED-883C-2F2ED5D0C57D}.Debug|Any CPU.Build.0 = Debug|Any CPU
		{23753937-7A59-49ED-883C-2F2ED5D0C57D}.Release|Any CPU.ActiveCfg = Release|Any CPU
		{23753937-7A59-49ED-883C-2F2ED5D0C57D}.Release|Any CPU.Build.0 = Release|Any CPU
		{30D3E099-550C-451B-9C2E-67B40B9A117D}.Debug|Any CPU.ActiveCfg = Debug|Any CPU
		{30D3E099-550C-451B-9C2E-67B40B9A117D}.Debug|Any CPU.Build.0 = Debug|Any CPU
		{30D3E099-550C-451B-9C2E-67B40B9A117D}.Release|Any CPU.ActiveCfg = Release|Any CPU
		{30D3E099-550C-451B-9C2E-67B40B9A117D}.Release|Any CPU.Build.0 = Release|Any CPU
		{56DA0F43-577F-4386-B7D9-F9D0406A2DE4}.Debug|Any CPU.ActiveCfg = Debug|Any CPU
		{56DA0F43-577F-4386-B7D9-F9D0406A2DE4}.Debug|Any CPU.Build.0 = Debug|Any CPU
		{56DA0F43-577F-4386-B7D9-F9D0406A2DE4}.Release|Any CPU.ActiveCfg = Release|Any CPU
		{56DA0F43-577F-4386-B7D9-F9D0406A2DE4}.Release|Any CPU.Build.0 = Release|Any CPU
		{7D5F19D7-303B-48C4-9D6E-41F8515D2B9E}.Debug|Any CPU.ActiveCfg = Debug|Any CPU
		{7D5F19D7-303B-48C4-9D6E-41F8515D2B9E}.Debug|Any CPU.Build.0 = Debug|Any CPU
		{7D5F19D7-303B-48C4-9D6E-41F8515D2B9E}.Release|Any CPU.ActiveCfg = Release|Any CPU
		{7D5F19D7-303B-48C4-9D6E-41F8515D2B9E}.Release|Any CPU.Build.0 = Release|Any CPU
		{C96678EA-A17C-454E-A383-F230596187C5}.Debug|Any CPU.ActiveCfg = Debug|Any CPU
		{C96678EA-A17C-454E-A383-F230596187C5}.Debug|Any CPU.Build.0 = Debug|Any CPU
		{C96678EA-A17C-454E-A383-F230596187C5}.Release|Any CPU.ActiveCfg = Release|Any CPU
		{C96678EA-A17C-454E-A383-F230596187C5}.Release|Any CPU.Build.0 = Release|Any CPU
		{8F48E70D-952A-4C0E-A4DB-8A79E36A187B}.Debug|Any CPU.ActiveCfg = Debug|Any CPU
		{8F48E70D-952A-4C0E-A4DB-8A79E36A187B}.Debug|Any CPU.Build.0 = Debug|Any CPU
		{8F48E70D-952A-4C0E-A4DB-8A79E36A187B}.Release|Any CPU.ActiveCfg = Release|Any CPU
		{8F48E70D-952A-4C0E-A4DB-8A79E36A187B}.Release|Any CPU.Build.0 = Release|Any CPU
		{199E71C5-F077-44A6-A286-308A2C0DD1B0}.Debug|Any CPU.ActiveCfg = Debug|Any CPU
		{199E71C5-F077-44A6-A286-308A2C0DD1B0}.Debug|Any CPU.Build.0 = Debug|Any CPU
		{199E71C5-F077-44A6-A286-308A2C0DD1B0}.Release|Any CPU.ActiveCfg = Release|Any CPU
		{199E71C5-F077-44A6-A286-308A2C0DD1B0}.Release|Any CPU.Build.0 = Release|Any CPU
		{8942344E-1E41-462C-B187-A140A1BC4555}.Debug|Any CPU.ActiveCfg = Debug|Any CPU
		{8942344E-1E41-462C-B187-A140A1BC4555}.Debug|Any CPU.Build.0 = Debug|Any CPU
		{8942344E-1E41-462C-B187-A140A1BC4555}.Release|Any CPU.ActiveCfg = Release|Any CPU
		{8942344E-1E41-462C-B187-A140A1BC4555}.Release|Any CPU.Build.0 = Release|Any CPU
		{85267EF0-554A-4C23-A5DE-748114E7584C}.Debug|Any CPU.ActiveCfg = Debug|Any CPU
		{85267EF0-554A-4C23-A5DE-748114E7584C}.Debug|Any CPU.Build.0 = Debug|Any CPU
		{85267EF0-554A-4C23-A5DE-748114E7584C}.Release|Any CPU.ActiveCfg = Release|Any CPU
		{85267EF0-554A-4C23-A5DE-748114E7584C}.Release|Any CPU.Build.0 = Release|Any CPU
		{CC0C0B0F-AAF6-4875-94AD-CA751270C8BD}.Debug|Any CPU.ActiveCfg = Debug|Any CPU
		{CC0C0B0F-AAF6-4875-94AD-CA751270C8BD}.Debug|Any CPU.Build.0 = Debug|Any CPU
		{CC0C0B0F-AAF6-4875-94AD-CA751270C8BD}.Release|Any CPU.ActiveCfg = Release|Any CPU
		{CC0C0B0F-AAF6-4875-94AD-CA751270C8BD}.Release|Any CPU.Build.0 = Release|Any CPU
		{5A899B67-12B3-4C0B-A253-9BD6A3C46846}.Debug|Any CPU.ActiveCfg = Debug|Any CPU
		{5A899B67-12B3-4C0B-A253-9BD6A3C46846}.Debug|Any CPU.Build.0 = Debug|Any CPU
		{5A899B67-12B3-4C0B-A253-9BD6A3C46846}.Release|Any CPU.ActiveCfg = Release|Any CPU
		{5A899B67-12B3-4C0B-A253-9BD6A3C46846}.Release|Any CPU.Build.0 = Release|Any CPU
		{4B728A72-ED71-4F73-BBA7-8C854EF42E3E}.Debug|Any CPU.ActiveCfg = Debug|Any CPU
		{4B728A72-ED71-4F73-BBA7-8C854EF42E3E}.Debug|Any CPU.Build.0 = Debug|Any CPU
		{4B728A72-ED71-4F73-BBA7-8C854EF42E3E}.Release|Any CPU.ActiveCfg = Release|Any CPU
		{4B728A72-ED71-4F73-BBA7-8C854EF42E3E}.Release|Any CPU.Build.0 = Release|Any CPU
		{E9930904-DC62-4E90-A48C-CDA631681DDA}.Debug|Any CPU.ActiveCfg = Debug|Any CPU
		{E9930904-DC62-4E90-A48C-CDA631681DDA}.Debug|Any CPU.Build.0 = Debug|Any CPU
		{E9930904-DC62-4E90-A48C-CDA631681DDA}.Release|Any CPU.ActiveCfg = Release|Any CPU
		{E9930904-DC62-4E90-A48C-CDA631681DDA}.Release|Any CPU.Build.0 = Release|Any CPU
		{9CF832D6-1BE7-424A-B624-FAD9E0793CA0}.Debug|Any CPU.ActiveCfg = Debug|Any CPU
		{9CF832D6-1BE7-424A-B624-FAD9E0793CA0}.Debug|Any CPU.Build.0 = Debug|Any CPU
		{9CF832D6-1BE7-424A-B624-FAD9E0793CA0}.Release|Any CPU.ActiveCfg = Release|Any CPU
		{9CF832D6-1BE7-424A-B624-FAD9E0793CA0}.Release|Any CPU.Build.0 = Release|Any CPU
		{261A639A-2532-4067-9D8A-474D2533EF8A}.Debug|Any CPU.ActiveCfg = Debug|Any CPU
		{261A639A-2532-4067-9D8A-474D2533EF8A}.Debug|Any CPU.Build.0 = Debug|Any CPU
		{261A639A-2532-4067-9D8A-474D2533EF8A}.Release|Any CPU.ActiveCfg = Release|Any CPU
		{261A639A-2532-4067-9D8A-474D2533EF8A}.Release|Any CPU.Build.0 = Release|Any CPU
		{F605BC11-AF65-43AF-86C0-5DD8D9094890}.Debug|Any CPU.ActiveCfg = Debug|Any CPU
		{F605BC11-AF65-43AF-86C0-5DD8D9094890}.Debug|Any CPU.Build.0 = Debug|Any CPU
		{F605BC11-AF65-43AF-86C0-5DD8D9094890}.Release|Any CPU.ActiveCfg = Release|Any CPU
		{F605BC11-AF65-43AF-86C0-5DD8D9094890}.Release|Any CPU.Build.0 = Release|Any CPU
		{DA834D8F-884D-4E1F-AC82-9E1B104C2E14}.Debug|Any CPU.ActiveCfg = Debug|Any CPU
		{DA834D8F-884D-4E1F-AC82-9E1B104C2E14}.Debug|Any CPU.Build.0 = Debug|Any CPU
		{DA834D8F-884D-4E1F-AC82-9E1B104C2E14}.Release|Any CPU.ActiveCfg = Release|Any CPU
		{DA834D8F-884D-4E1F-AC82-9E1B104C2E14}.Release|Any CPU.Build.0 = Release|Any CPU
		{B6141FFF-90CA-4F34-886B-A63BF9C59467}.Debug|Any CPU.ActiveCfg = Debug|Any CPU
		{B6141FFF-90CA-4F34-886B-A63BF9C59467}.Debug|Any CPU.Build.0 = Debug|Any CPU
		{B6141FFF-90CA-4F34-886B-A63BF9C59467}.Release|Any CPU.ActiveCfg = Release|Any CPU
		{B6141FFF-90CA-4F34-886B-A63BF9C59467}.Release|Any CPU.Build.0 = Release|Any CPU
		{C25133D6-81AF-4955-BE45-139211F5B372}.Debug|Any CPU.ActiveCfg = Debug|Any CPU
		{C25133D6-81AF-4955-BE45-139211F5B372}.Debug|Any CPU.Build.0 = Debug|Any CPU
		{C25133D6-81AF-4955-BE45-139211F5B372}.Release|Any CPU.ActiveCfg = Release|Any CPU
		{C25133D6-81AF-4955-BE45-139211F5B372}.Release|Any CPU.Build.0 = Release|Any CPU
		{D02BC522-13C4-48B6-AE12-0A3632B6C622}.Debug|Any CPU.ActiveCfg = Debug|Any CPU
		{D02BC522-13C4-48B6-AE12-0A3632B6C622}.Debug|Any CPU.Build.0 = Debug|Any CPU
		{D02BC522-13C4-48B6-AE12-0A3632B6C622}.Release|Any CPU.ActiveCfg = Release|Any CPU
		{D02BC522-13C4-48B6-AE12-0A3632B6C622}.Release|Any CPU.Build.0 = Release|Any CPU
		{EFAB0691-229F-4268-B818-244BB7CEAAAE}.Debug|Any CPU.ActiveCfg = Debug|Any CPU
		{EFAB0691-229F-4268-B818-244BB7CEAAAE}.Debug|Any CPU.Build.0 = Debug|Any CPU
		{EFAB0691-229F-4268-B818-244BB7CEAAAE}.Release|Any CPU.ActiveCfg = Release|Any CPU
		{EFAB0691-229F-4268-B818-244BB7CEAAAE}.Release|Any CPU.Build.0 = Release|Any CPU
		{A1CAA83B-5C45-42CA-B83C-5DF27A29A266}.Debug|Any CPU.ActiveCfg = Debug|Any CPU
		{A1CAA83B-5C45-42CA-B83C-5DF27A29A266}.Debug|Any CPU.Build.0 = Debug|Any CPU
		{A1CAA83B-5C45-42CA-B83C-5DF27A29A266}.Release|Any CPU.ActiveCfg = Release|Any CPU
		{A1CAA83B-5C45-42CA-B83C-5DF27A29A266}.Release|Any CPU.Build.0 = Release|Any CPU
		{1679A568-4B90-4F52-BEF6-8C0BBF227AA1}.Debug|Any CPU.ActiveCfg = Debug|Any CPU
		{1679A568-4B90-4F52-BEF6-8C0BBF227AA1}.Debug|Any CPU.Build.0 = Debug|Any CPU
		{1679A568-4B90-4F52-BEF6-8C0BBF227AA1}.Release|Any CPU.ActiveCfg = Release|Any CPU
		{1679A568-4B90-4F52-BEF6-8C0BBF227AA1}.Release|Any CPU.Build.0 = Release|Any CPU
		{07D24908-B58E-4CC6-8DEF-32BD2C3D5292}.Debug|Any CPU.ActiveCfg = Debug|Any CPU
		{07D24908-B58E-4CC6-8DEF-32BD2C3D5292}.Debug|Any CPU.Build.0 = Debug|Any CPU
		{07D24908-B58E-4CC6-8DEF-32BD2C3D5292}.Release|Any CPU.ActiveCfg = Release|Any CPU
		{07D24908-B58E-4CC6-8DEF-32BD2C3D5292}.Release|Any CPU.Build.0 = Release|Any CPU
		{2BA21252-8C36-434E-B570-F89584D2F52B}.Debug|Any CPU.ActiveCfg = Debug|Any CPU
		{2BA21252-8C36-434E-B570-F89584D2F52B}.Debug|Any CPU.Build.0 = Debug|Any CPU
		{2BA21252-8C36-434E-B570-F89584D2F52B}.Release|Any CPU.ActiveCfg = Release|Any CPU
		{2BA21252-8C36-434E-B570-F89584D2F52B}.Release|Any CPU.Build.0 = Release|Any CPU
		{D5B529EC-0837-444B-9AA9-F2FB2E792F16}.Debug|Any CPU.ActiveCfg = Debug|Any CPU
		{D5B529EC-0837-444B-9AA9-F2FB2E792F16}.Debug|Any CPU.Build.0 = Debug|Any CPU
		{D5B529EC-0837-444B-9AA9-F2FB2E792F16}.Release|Any CPU.ActiveCfg = Release|Any CPU
		{D5B529EC-0837-444B-9AA9-F2FB2E792F16}.Release|Any CPU.Build.0 = Release|Any CPU
		{8B9DD03E-35D7-4606-8A64-2824BF8442AA}.Debug|Any CPU.ActiveCfg = Debug|Any CPU
		{8B9DD03E-35D7-4606-8A64-2824BF8442AA}.Debug|Any CPU.Build.0 = Debug|Any CPU
		{8B9DD03E-35D7-4606-8A64-2824BF8442AA}.Release|Any CPU.ActiveCfg = Release|Any CPU
		{8B9DD03E-35D7-4606-8A64-2824BF8442AA}.Release|Any CPU.Build.0 = Release|Any CPU
		{0D445B48-53E9-4270-A1F4-C6146288407F}.Debug|Any CPU.ActiveCfg = Debug|Any CPU
		{0D445B48-53E9-4270-A1F4-C6146288407F}.Debug|Any CPU.Build.0 = Debug|Any CPU
		{0D445B48-53E9-4270-A1F4-C6146288407F}.Release|Any CPU.ActiveCfg = Release|Any CPU
		{0D445B48-53E9-4270-A1F4-C6146288407F}.Release|Any CPU.Build.0 = Release|Any CPU
		{D22F14C1-3218-4EEF-A91D-AC4D47E646C0}.Debug|Any CPU.ActiveCfg = Debug|Any CPU
		{D22F14C1-3218-4EEF-A91D-AC4D47E646C0}.Debug|Any CPU.Build.0 = Debug|Any CPU
		{D22F14C1-3218-4EEF-A91D-AC4D47E646C0}.Release|Any CPU.ActiveCfg = Release|Any CPU
		{D22F14C1-3218-4EEF-A91D-AC4D47E646C0}.Release|Any CPU.Build.0 = Release|Any CPU
		{AED7DD09-63A3-4F39-BC79-EBD466AFDC99}.Debug|Any CPU.ActiveCfg = Debug|Any CPU
		{AED7DD09-63A3-4F39-BC79-EBD466AFDC99}.Debug|Any CPU.Build.0 = Debug|Any CPU
		{AED7DD09-63A3-4F39-BC79-EBD466AFDC99}.Release|Any CPU.ActiveCfg = Release|Any CPU
		{AED7DD09-63A3-4F39-BC79-EBD466AFDC99}.Release|Any CPU.Build.0 = Release|Any CPU
	EndGlobalSection
	GlobalSection(SolutionProperties) = preSolution
		HideSolutionNode = FALSE
	EndGlobalSection
	GlobalSection(ExtensibilityGlobals) = postSolution
		SolutionGuid = {B2A9F573-72EB-4CFD-A8CD-D0932DFC106A}
	EndGlobalSection
EndGlobal
